// !$*UTF8*$!
{
	archiveVersion = 1;
	classes = {
	};
	objectVersion = 55;
	objects = {

/* Begin PBXBuildFile section */
		7B94EDA228229E0F00491DC8 /* FoodRecipeApp.swift in Sources */ = {isa = PBXBuildFile; fileRef = 7B94EDA128229E0F00491DC8 /* FoodRecipeApp.swift */; };
		7B94EDA428229E0F00491DC8 /* ContentView.swift in Sources */ = {isa = PBXBuildFile; fileRef = 7B94EDA328229E0F00491DC8 /* ContentView.swift */; };
		7B94EDA628229E1000491DC8 /* Assets.xcassets in Resources */ = {isa = PBXBuildFile; fileRef = 7B94EDA528229E1000491DC8 /* Assets.xcassets */; };
		7B94EDA928229E1000491DC8 /* Preview Assets.xcassets in Resources */ = {isa = PBXBuildFile; fileRef = 7B94EDA828229E1000491DC8 /* Preview Assets.xcassets */; };
		7B94EDB628229EA400491DC8 /* HomeView.swift in Sources */ = {isa = PBXBuildFile; fileRef = 7B94EDB528229EA400491DC8 /* HomeView.swift */; };
		7B94EDB828229EAE00491DC8 /* CategoriesView.swift in Sources */ = {isa = PBXBuildFile; fileRef = 7B94EDB728229EAE00491DC8 /* CategoriesView.swift */; };
		7B94EDC028229F5700491DC8 /* TabBar.swift in Sources */ = {isa = PBXBuildFile; fileRef = 7B94EDBF28229F5700491DC8 /* TabBar.swift */; };
		7B94EDC22822A11800491DC8 /* RecipeModel.swift in Sources */ = {isa = PBXBuildFile; fileRef = 7B94EDC12822A11800491DC8 /* RecipeModel.swift */; };
		7B94EDC42822A44800491DC8 /* RecipeCard.swift in Sources */ = {isa = PBXBuildFile; fileRef = 7B94EDC32822A44800491DC8 /* RecipeCard.swift */; };
		7B94EDC62822A6E900491DC8 /* RecipeList.swift in Sources */ = {isa = PBXBuildFile; fileRef = 7B94EDC52822A6E900491DC8 /* RecipeList.swift */; };
		7B94EDC82822A8D900491DC8 /* RecipeView.swift in Sources */ = {isa = PBXBuildFile; fileRef = 7B94EDC72822A8D900491DC8 /* RecipeView.swift */; };
		7B94EDCA2822AE0A00491DC8 /* CategoryView.swift in Sources */ = {isa = PBXBuildFile; fileRef = 7B94EDC92822AE0A00491DC8 /* CategoryView.swift */; };
		7B94EDCC2822AFBC00491DC8 /* AddRecipeView.swift in Sources */ = {isa = PBXBuildFile; fileRef = 7B94EDCB2822AFBC00491DC8 /* AddRecipeView.swift */; };
		7B94EDCE2822B61300491DC8 /* RecipesViewModel.swift in Sources */ = {isa = PBXBuildFile; fileRef = 7B94EDCD2822B61300491DC8 /* RecipesViewModel.swift */; };
		7B94EDD02823A24000491DC8 /* FavoriteButton.swift in Sources */ = {isa = PBXBuildFile; fileRef = 7B94EDCF2823A24000491DC8 /* FavoriteButton.swift */; };
/* End PBXBuildFile section */

/* Begin PBXFileReference section */
		7B94ED9E28229E0F00491DC8 /* FoodRecipe.app */ = {isa = PBXFileReference; explicitFileType = wrapper.application; includeInIndex = 0; path = FoodRecipe.app; sourceTree = BUILT_PRODUCTS_DIR; };
		7B94EDA128229E0F00491DC8 /* FoodRecipeApp.swift */ = {isa = PBXFileReference; lastKnownFileType = sourcecode.swift; path = FoodRecipeApp.swift; sourceTree = "<group>"; };
		7B94EDA328229E0F00491DC8 /* ContentView.swift */ = {isa = PBXFileReference; lastKnownFileType = sourcecode.swift; path = ContentView.swift; sourceTree = "<group>"; };
		7B94EDA528229E1000491DC8 /* Assets.xcassets */ = {isa = PBXFileReference; lastKnownFileType = folder.assetcatalog; path = Assets.xcassets; sourceTree = "<group>"; };
		7B94EDA828229E1000491DC8 /* Preview Assets.xcassets */ = {isa = PBXFileReference; lastKnownFileType = folder.assetcatalog; path = "Preview Assets.xcassets"; sourceTree = "<group>"; };
		7B94EDB528229EA400491DC8 /* HomeView.swift */ = {isa = PBXFileReference; lastKnownFileType = sourcecode.swift; path = HomeView.swift; sourceTree = "<group>"; };
		7B94EDB728229EAE00491DC8 /* CategoriesView.swift */ = {isa = PBXFileReference; lastKnownFileType = sourcecode.swift; path = CategoriesView.swift; sourceTree = "<group>"; };
		7B94EDBF28229F5700491DC8 /* TabBar.swift */ = {isa = PBXFileReference; lastKnownFileType = sourcecode.swift; path = TabBar.swift; sourceTree = "<group>"; };
		7B94EDC12822A11800491DC8 /* RecipeModel.swift */ = {isa = PBXFileReference; lastKnownFileType = sourcecode.swift; path = RecipeModel.swift; sourceTree = "<group>"; };
		7B94EDC32822A44800491DC8 /* RecipeCard.swift */ = {isa = PBXFileReference; lastKnownFileType = sourcecode.swift; path = RecipeCard.swift; sourceTree = "<group>"; };
		7B94EDC52822A6E900491DC8 /* RecipeList.swift */ = {isa = PBXFileReference; lastKnownFileType = sourcecode.swift; path = RecipeList.swift; sourceTree = "<group>"; };
		7B94EDC72822A8D900491DC8 /* RecipeView.swift */ = {isa = PBXFileReference; lastKnownFileType = sourcecode.swift; path = RecipeView.swift; sourceTree = "<group>"; };
		7B94EDC92822AE0A00491DC8 /* CategoryView.swift */ = {isa = PBXFileReference; lastKnownFileType = sourcecode.swift; path = CategoryView.swift; sourceTree = "<group>"; };
		7B94EDCB2822AFBC00491DC8 /* AddRecipeView.swift */ = {isa = PBXFileReference; lastKnownFileType = sourcecode.swift; path = AddRecipeView.swift; sourceTree = "<group>"; };
		7B94EDCD2822B61300491DC8 /* RecipesViewModel.swift */ = {isa = PBXFileReference; lastKnownFileType = sourcecode.swift; path = RecipesViewModel.swift; sourceTree = "<group>"; };
		7B94EDCF2823A24000491DC8 /* FavoriteButton.swift */ = {isa = PBXFileReference; lastKnownFileType = sourcecode.swift; path = FavoriteButton.swift; sourceTree = "<group>"; };
/* End PBXFileReference section */

/* Begin PBXFrameworksBuildPhase section */
		7B94ED9B28229E0F00491DC8 /* Frameworks */ = {
			isa = PBXFrameworksBuildPhase;
			buildActionMask = 2147483647;
			files = (
			);
			runOnlyForDeploymentPostprocessing = 0;
		};
/* End PBXFrameworksBuildPhase section */

/* Begin PBXGroup section */
		7B94ED9528229E0F00491DC8 = {
			isa = PBXGroup;
			children = (
				7B94EDA028229E0F00491DC8 /* FoodRecipe */,
				7B94ED9F28229E0F00491DC8 /* Products */,
			);
			sourceTree = "<group>";
		};
		7B94ED9F28229E0F00491DC8 /* Products */ = {
			isa = PBXGroup;
			children = (
				7B94ED9E28229E0F00491DC8 /* FoodRecipe.app */,
			);
			name = Products;
			sourceTree = "<group>";
		};
		7B94EDA028229E0F00491DC8 /* FoodRecipe */ = {
			isa = PBXGroup;
			children = (
				7B94EDA128229E0F00491DC8 /* FoodRecipeApp.swift */,
				7B94EDAF28229E2600491DC8 /* Views */,
				7B94EDB328229E6100491DC8 /* ViewModels */,
				7B94EDB428229E6B00491DC8 /* Models */,
				7B94EDA528229E1000491DC8 /* Assets.xcassets */,
				7B94EDA728229E1000491DC8 /* Preview Content */,
			);
			path = FoodRecipe;
			sourceTree = "<group>";
		};
		7B94EDA728229E1000491DC8 /* Preview Content */ = {
			isa = PBXGroup;
			children = (
				7B94EDA828229E1000491DC8 /* Preview Assets.xcassets */,
			);
			path = "Preview Content";
			sourceTree = "<group>";
		};
		7B94EDAF28229E2600491DC8 /* Views */ = {
			isa = PBXGroup;
			children = (
				7B94EDB028229E2E00491DC8 /* Main */,
				7B94EDB128229E3400491DC8 /* Detail */,
				7B94EDB228229E4D00491DC8 /* Components */,
			);
			path = Views;
			sourceTree = "<group>";
		};
		7B94EDB028229E2E00491DC8 /* Main */ = {
			isa = PBXGroup;
			children = (
				7B94EDA328229E0F00491DC8 /* ContentView.swift */,
				7B94EDBF28229F5700491DC8 /* TabBar.swift */,
				7B94EDB528229EA400491DC8 /* HomeView.swift */,
				7B94EDB728229EAE00491DC8 /* CategoriesView.swift */,
			);
			path = Main;
			sourceTree = "<group>";
		};
		7B94EDB128229E3400491DC8 /* Detail */ = {
			isa = PBXGroup;
			children = (
				7B94EDC72822A8D900491DC8 /* RecipeView.swift */,
				7B94EDC92822AE0A00491DC8 /* CategoryView.swift */,
				7B94EDCB2822AFBC00491DC8 /* AddRecipeView.swift */,
			);
			path = Detail;
			sourceTree = "<group>";
		};
		7B94EDB228229E4D00491DC8 /* Components */ = {
			isa = PBXGroup;
			children = (
				7B94EDC32822A44800491DC8 /* RecipeCard.swift */,
				7B94EDC52822A6E900491DC8 /* RecipeList.swift */,
				7B94EDCF2823A24000491DC8 /* FavoriteButton.swift */,
			);
			path = Components;
			sourceTree = "<group>";
		};
		7B94EDB328229E6100491DC8 /* ViewModels */ = {
			isa = PBXGroup;
			children = (
				7B94EDCD2822B61300491DC8 /* RecipesViewModel.swift */,
			);
			path = ViewModels;
			sourceTree = "<group>";
		};
		7B94EDB428229E6B00491DC8 /* Models */ = {
			isa = PBXGroup;
			children = (
				7B94EDC12822A11800491DC8 /* RecipeModel.swift */,
			);
			path = Models;
			sourceTree = "<group>";
		};
/* End PBXGroup section */

/* Begin PBXNativeTarget section */
		7B94ED9D28229E0F00491DC8 /* FoodRecipe */ = {
			isa = PBXNativeTarget;
			buildConfigurationList = 7B94EDAC28229E1000491DC8 /* Build configuration list for PBXNativeTarget "FoodRecipe" */;
			buildPhases = (
				7B94ED9A28229E0F00491DC8 /* Sources */,
				7B94ED9B28229E0F00491DC8 /* Frameworks */,
				7B94ED9C28229E0F00491DC8 /* Resources */,
			);
			buildRules = (
			);
			dependencies = (
			);
			name = FoodRecipe;
			productName = FoodRecipe;
			productReference = 7B94ED9E28229E0F00491DC8 /* FoodRecipe.app */;
			productType = "com.apple.product-type.application";
		};
/* End PBXNativeTarget section */

/* Begin PBXProject section */
		7B94ED9628229E0F00491DC8 /* Project object */ = {
			isa = PBXProject;
			attributes = {
				BuildIndependentTargetsInParallel = 1;
				LastSwiftUpdateCheck = 1330;
				LastUpgradeCheck = 1330;
				TargetAttributes = {
					7B94ED9D28229E0F00491DC8 = {
						CreatedOnToolsVersion = 13.3.1;
					};
				};
			};
			buildConfigurationList = 7B94ED9928229E0F00491DC8 /* Build configuration list for PBXProject "FoodRecipe" */;
			compatibilityVersion = "Xcode 13.0";
			developmentRegion = en;
			hasScannedForEncodings = 0;
			knownRegions = (
				en,
				Base,
			);
			mainGroup = 7B94ED9528229E0F00491DC8;
			productRefGroup = 7B94ED9F28229E0F00491DC8 /* Products */;
			projectDirPath = "";
			projectRoot = "";
			targets = (
				7B94ED9D28229E0F00491DC8 /* FoodRecipe */,
			);
		};
/* End PBXProject section */

/* Begin PBXResourcesBuildPhase section */
		7B94ED9C28229E0F00491DC8 /* Resources */ = {
			isa = PBXResourcesBuildPhase;
			buildActionMask = 2147483647;
			files = (
				7B94EDA928229E1000491DC8 /* Preview Assets.xcassets in Resources */,
				7B94EDA628229E1000491DC8 /* Assets.xcassets in Resources */,
			);
			runOnlyForDeploymentPostprocessing = 0;
		};
/* End PBXResourcesBuildPhase section */

/* Begin PBXSourcesBuildPhase section */
		7B94ED9A28229E0F00491DC8 /* Sources */ = {
			isa = PBXSourcesBuildPhase;
			buildActionMask = 2147483647;
			files = (
				7B94EDCC2822AFBC00491DC8 /* AddRecipeView.swift in Sources */,
				7B94EDC42822A44800491DC8 /* RecipeCard.swift in Sources */,
				7B94EDB628229EA400491DC8 /* HomeView.swift in Sources */,
				7B94EDC028229F5700491DC8 /* TabBar.swift in Sources */,
				7B94EDCA2822AE0A00491DC8 /* CategoryView.swift in Sources */,
				7B94EDC82822A8D900491DC8 /* RecipeView.swift in Sources */,
				7B94EDC62822A6E900491DC8 /* RecipeList.swift in Sources */,
				7B94EDA428229E0F00491DC8 /* ContentView.swift in Sources */,
				7B94EDB828229EAE00491DC8 /* CategoriesView.swift in Sources */,
				7B94EDA228229E0F00491DC8 /* FoodRecipeApp.swift in Sources */,
				7B94EDD02823A24000491DC8 /* FavoriteButton.swift in Sources */,
				7B94EDCE2822B61300491DC8 /* RecipesViewModel.swift in Sources */,
				7B94EDC22822A11800491DC8 /* RecipeModel.swift in Sources */,
			);
			runOnlyForDeploymentPostprocessing = 0;
		};
/* End PBXSourcesBuildPhase section */

/* Begin XCBuildConfiguration section */
		7B94EDAA28229E1000491DC8 /* Debug */ = {
			isa = XCBuildConfiguration;
			buildSettings = {
				ALWAYS_SEARCH_USER_PATHS = NO;
				CLANG_ANALYZER_NONNULL = YES;
				CLANG_ANALYZER_NUMBER_OBJECT_CONVERSION = YES_AGGRESSIVE;
				CLANG_CXX_LANGUAGE_STANDARD = "gnu++17";
				CLANG_ENABLE_MODULES = YES;
				CLANG_ENABLE_OBJC_ARC = YES;
				CLANG_ENABLE_OBJC_WEAK = YES;
				CLANG_WARN_BLOCK_CAPTURE_AUTORELEASING = YES;
				CLANG_WARN_BOOL_CONVERSION = YES;
				CLANG_WARN_COMMA = YES;
				CLANG_WARN_CONSTANT_CONVERSION = YES;
				CLANG_WARN_DEPRECATED_OBJC_IMPLEMENTATIONS = YES;
				CLANG_WARN_DIRECT_OBJC_ISA_USAGE = YES_ERROR;
				CLANG_WARN_DOCUMENTATION_COMMENTS = YES;
				CLANG_WARN_EMPTY_BODY = YES;
				CLANG_WARN_ENUM_CONVERSION = YES;
				CLANG_WARN_INFINITE_RECURSION = YES;
				CLANG_WARN_INT_CONVERSION = YES;
				CLANG_WARN_NON_LITERAL_NULL_CONVERSION = YES;
				CLANG_WARN_OBJC_IMPLICIT_RETAIN_SELF = YES;
				CLANG_WARN_OBJC_LITERAL_CONVERSION = YES;
				CLANG_WARN_OBJC_ROOT_CLASS = YES_ERROR;
				CLANG_WARN_QUOTED_INCLUDE_IN_FRAMEWORK_HEADER = YES;
				CLANG_WARN_RANGE_LOOP_ANALYSIS = YES;
				CLANG_WARN_STRICT_PROTOTYPES = YES;
				CLANG_WARN_SUSPICIOUS_MOVE = YES;
				CLANG_WARN_UNGUARDED_AVAILABILITY = YES_AGGRESSIVE;
				CLANG_WARN_UNREACHABLE_CODE = YES;
				CLANG_WARN__DUPLICATE_METHOD_MATCH = YES;
				COPY_PHASE_STRIP = NO;
				DEBUG_INFORMATION_FORMAT = dwarf;
				ENABLE_STRICT_OBJC_MSGSEND = YES;
				ENABLE_TESTABILITY = YES;
				GCC_C_LANGUAGE_STANDARD = gnu11;
				GCC_DYNAMIC_NO_PIC = NO;
				GCC_NO_COMMON_BLOCKS = YES;
				GCC_OPTIMIZATION_LEVEL = 0;
				GCC_PREPROCESSOR_DEFINITIONS = (
					"DEBUG=1",
					"$(inherited)",
				);
				GCC_WARN_64_TO_32_BIT_CONVERSION = YES;
				GCC_WARN_ABOUT_RETURN_TYPE = YES_ERROR;
				GCC_WARN_UNDECLARED_SELECTOR = YES;
				GCC_WARN_UNINITIALIZED_AUTOS = YES_AGGRESSIVE;
				GCC_WARN_UNUSED_FUNCTION = YES;
				GCC_WARN_UNUSED_VARIABLE = YES;
				IPHONEOS_DEPLOYMENT_TARGET = 15.4;
				MTL_ENABLE_DEBUG_INFO = INCLUDE_SOURCE;
				MTL_FAST_MATH = YES;
				ONLY_ACTIVE_ARCH = YES;
				SDKROOT = iphoneos;
				SWIFT_ACTIVE_COMPILATION_CONDITIONS = DEBUG;
				SWIFT_OPTIMIZATION_LEVEL = "-Onone";
			};
			name = Debug;
		};
		7B94EDAB28229E1000491DC8 /* Release */ = {
			isa = XCBuildConfiguration;
			buildSettings = {
				ALWAYS_SEARCH_USER_PATHS = NO;
				CLANG_ANALYZER_NONNULL = YES;
				CLANG_ANALYZER_NUMBER_OBJECT_CONVERSION = YES_AGGRESSIVE;
				CLANG_CXX_LANGUAGE_STANDARD = "gnu++17";
				CLANG_ENABLE_MODULES = YES;
				CLANG_ENABLE_OBJC_ARC = YES;
				CLANG_ENABLE_OBJC_WEAK = YES;
				CLANG_WARN_BLOCK_CAPTURE_AUTORELEASING = YES;
				CLANG_WARN_BOOL_CONVERSION = YES;
				CLANG_WARN_COMMA = YES;
				CLANG_WARN_CONSTANT_CONVERSION = YES;
				CLANG_WARN_DEPRECATED_OBJC_IMPLEMENTATIONS = YES;
				CLANG_WARN_DIRECT_OBJC_ISA_USAGE = YES_ERROR;
				CLANG_WARN_DOCUMENTATION_COMMENTS = YES;
				CLANG_WARN_EMPTY_BODY = YES;
				CLANG_WARN_ENUM_CONVERSION = YES;
				CLANG_WARN_INFINITE_RECURSION = YES;
				CLANG_WARN_INT_CONVERSION = YES;
				CLANG_WARN_NON_LITERAL_NULL_CONVERSION = YES;
				CLANG_WARN_OBJC_IMPLICIT_RETAIN_SELF = YES;
				CLANG_WARN_OBJC_LITERAL_CONVERSION = YES;
				CLANG_WARN_OBJC_ROOT_CLASS = YES_ERROR;
				CLANG_WARN_QUOTED_INCLUDE_IN_FRAMEWORK_HEADER = YES;
				CLANG_WARN_RANGE_LOOP_ANALYSIS = YES;
				CLANG_WARN_STRICT_PROTOTYPES = YES;
				CLANG_WARN_SUSPICIOUS_MOVE = YES;
				CLANG_WARN_UNGUARDED_AVAILABILITY = YES_AGGRESSIVE;
				CLANG_WARN_UNREACHABLE_CODE = YES;
				CLANG_WARN__DUPLICATE_METHOD_MATCH = YES;
				COPY_PHASE_STRIP = NO;
				DEBUG_INFORMATION_FORMAT = "dwarf-with-dsym";
				ENABLE_NS_ASSERTIONS = NO;
				ENABLE_STRICT_OBJC_MSGSEND = YES;
				GCC_C_LANGUAGE_STANDARD = gnu11;
				GCC_NO_COMMON_BLOCKS = YES;
				GCC_WARN_64_TO_32_BIT_CONVERSION = YES;
				GCC_WARN_ABOUT_RETURN_TYPE = YES_ERROR;
				GCC_WARN_UNDECLARED_SELECTOR = YES;
				GCC_WARN_UNINITIALIZED_AUTOS = YES_AGGRESSIVE;
				GCC_WARN_UNUSED_FUNCTION = YES;
				GCC_WARN_UNUSED_VARIABLE = YES;
				IPHONEOS_DEPLOYMENT_TARGET = 15.4;
				MTL_ENABLE_DEBUG_INFO = NO;
				MTL_FAST_MATH = YES;
				SDKROOT = iphoneos;
				SWIFT_COMPILATION_MODE = wholemodule;
				SWIFT_OPTIMIZATION_LEVEL = "-O";
				VALIDATE_PRODUCT = YES;
			};
			name = Release;
		};
		7B94EDAD28229E1000491DC8 /* Debug */ = {
			isa = XCBuildConfiguration;
			buildSettings = {
				ASSETCATALOG_COMPILER_APPICON_NAME = AppIcon;
				ASSETCATALOG_COMPILER_GLOBAL_ACCENT_COLOR_NAME = AccentColor;
				CODE_SIGN_STYLE = Automatic;
				CURRENT_PROJECT_VERSION = 1;
				DEVELOPMENT_ASSET_PATHS = "\"FoodRecipe/Preview Content\"";
				DEVELOPMENT_TEAM = K9M6C75JFU;
				ENABLE_PREVIEWS = YES;
				GENERATE_INFOPLIST_FILE = YES;
				INFOPLIST_KEY_UIApplicationSceneManifest_Generation = YES;
				INFOPLIST_KEY_UIApplicationSupportsIndirectInputEvents = YES;
				INFOPLIST_KEY_UILaunchScreen_Generation = YES;
				INFOPLIST_KEY_UISupportedInterfaceOrientations_iPad = "UIInterfaceOrientationPortrait UIInterfaceOrientationPortraitUpsideDown UIInterfaceOrientationLandscapeLeft UIInterfaceOrientationLandscapeRight";
				INFOPLIST_KEY_UISupportedInterfaceOrientations_iPhone = "UIInterfaceOrientationPortrait UIInterfaceOrientationLandscapeLeft UIInterfaceOrientationLandscapeRight";
				LD_RUNPATH_SEARCH_PATHS = (
					"$(inherited)",
					"@executable_path/Frameworks",
				);
				MARKETING_VERSION = 1.0;
				PRODUCT_BUNDLE_IDENTIFIER = com.stem.FoodRecipe;
				PRODUCT_NAME = "$(TARGET_NAME)";
				SWIFT_EMIT_LOC_STRINGS = YES;
				SWIFT_VERSION = 5.0;
				TARGETED_DEVICE_FAMILY = "1,2";
			};
			name = Debug;
		};
		7B94EDAE28229E1000491DC8 /* Release */ = {
			isa = XCBuildConfiguration;
			buildSettings = {
				ASSETCATALOG_COMPILER_APPICON_NAME = AppIcon;
				ASSETCATALOG_COMPILER_GLOBAL_ACCENT_COLOR_NAME = AccentColor;
				CODE_SIGN_STYLE = Automatic;
				CURRENT_PROJECT_VERSION = 1;
				DEVELOPMENT_ASSET_PATHS = "\"FoodRecipe/Preview Content\"";
				DEVELOPMENT_TEAM = K9M6C75JFU;
				ENABLE_PREVIEWS = YES;
				GENERATE_INFOPLIST_FILE = YES;
				INFOPLIST_KEY_UIApplicationSceneManifest_Generation = YES;
				INFOPLIST_KEY_UIApplicationSupportsIndirectInputEvents = YES;
				INFOPLIST_KEY_UILaunchScreen_Generation = YES;
				INFOPLIST_KEY_UISupportedInterfaceOrientations_iPad = "UIInterfaceOrientationPortrait UIInterfaceOrientationPortraitUpsideDown UIInterfaceOrientationLandscapeLeft UIInterfaceOrientationLandscapeRight";
				INFOPLIST_KEY_UISupportedInterfaceOrientations_iPhone = "UIInterfaceOrientationPortrait UIInterfaceOrientationLandscapeLeft UIInterfaceOrientationLandscapeRight";
				LD_RUNPATH_SEARCH_PATHS = (
					"$(inherited)",
					"@executable_path/Frameworks",
				);
				MARKETING_VERSION = 1.0;
				PRODUCT_BUNDLE_IDENTIFIER = com.stem.FoodRecipe;
				PRODUCT_NAME = "$(TARGET_NAME)";
				SWIFT_EMIT_LOC_STRINGS = YES;
				SWIFT_VERSION = 5.0;
				TARGETED_DEVICE_FAMILY = "1,2";
			};
			name = Release;
		};
/* End XCBuildConfiguration section */

/* Begin XCConfigurationList section */
		7B94ED9928229E0F00491DC8 /* Build configuration list for PBXProject "FoodRecipe" */ = {
			isa = XCConfigurationList;
			buildConfigurations = (
				7B94EDAA28229E1000491DC8 /* Debug */,
				7B94EDAB28229E1000491DC8 /* Release */,
			);
			defaultConfigurationIsVisible = 0;
			defaultConfigurationName = Release;
		};
		7B94EDAC28229E1000491DC8 /* Build configuration list for PBXNativeTarget "FoodRecipe" */ = {
			isa = XCConfigurationList;
			buildConfigurations = (
				7B94EDAD28229E1000491DC8 /* Debug */,
				7B94EDAE28229E1000491DC8 /* Release */,
			);
			defaultConfigurationIsVisible = 0;
			defaultConfigurationName = Release;
		};
/* End XCConfigurationList section */
	};
	rootObject = 7B94ED9628229E0F00491DC8 /* Project object */;
}
